// !$*UTF8*$!
{
	archiveVersion = 1;
	classes = {
	};
	objectVersion = 46;
	objects = {

/* Begin PBXBuildFile section */
		B53254A31E85DE7D004E1CCE /* ShoppingCarViewController.swift in Sources */ = {isa = PBXBuildFile; fileRef = B53254A21E85DE7D004E1CCE /* ShoppingCarViewController.swift */; };
		B5382E581E80DB4E00AAD087 /* AppDelegate.swift in Sources */ = {isa = PBXBuildFile; fileRef = B5382E571E80DB4E00AAD087 /* AppDelegate.swift */; };
		B5382E5D1E80DB4E00AAD087 /* Main.storyboard in Resources */ = {isa = PBXBuildFile; fileRef = B5382E5B1E80DB4E00AAD087 /* Main.storyboard */; };
		B5382E5F1E80DB4E00AAD087 /* Assets.xcassets in Resources */ = {isa = PBXBuildFile; fileRef = B5382E5E1E80DB4E00AAD087 /* Assets.xcassets */; };
		B5382E621E80DB4E00AAD087 /* LaunchScreen.storyboard in Resources */ = {isa = PBXBuildFile; fileRef = B5382E601E80DB4E00AAD087 /* LaunchScreen.storyboard */; };
		B5382E6D1E80DB4E00AAD087 /* ProjectMod2Tests.swift in Sources */ = {isa = PBXBuildFile; fileRef = B5382E6C1E80DB4E00AAD087 /* ProjectMod2Tests.swift */; };
		B5382E781E80DB4E00AAD087 /* ProjectMod2UITests.swift in Sources */ = {isa = PBXBuildFile; fileRef = B5382E771E80DB4E00AAD087 /* ProjectMod2UITests.swift */; };
		B5382E881E80DE5B00AAD087 /* ProductCollectionViewController.swift in Sources */ = {isa = PBXBuildFile; fileRef = B5382E871E80DE5B00AAD087 /* ProductCollectionViewController.swift */; };
		B5382E8A1E80E70B00AAD087 /* Product.swift in Sources */ = {isa = PBXBuildFile; fileRef = B5382E891E80E70B00AAD087 /* Product.swift */; };
		B5382E8E1E80F0ED00AAD087 /* ProductCollectionViewCell.swift in Sources */ = {isa = PBXBuildFile; fileRef = B5382E8D1E80F0ED00AAD087 /* ProductCollectionViewCell.swift */; };
		B5905A041E87381A00EB653B /* ShoppingCarViewCellTableViewCell.swift in Sources */ = {isa = PBXBuildFile; fileRef = B5905A031E87381A00EB653B /* ShoppingCarViewCellTableViewCell.swift */; };
		FB7959D71E820D66001B3BE4 /* ProductDetailViewController.swift in Sources */ = {isa = PBXBuildFile; fileRef = FB7959D61E820D66001B3BE4 /* ProductDetailViewController.swift */; };
/* End PBXBuildFile section */

/* Begin PBXContainerItemProxy section */
		B5382E691E80DB4E00AAD087 /* PBXContainerItemProxy */ = {
			isa = PBXContainerItemProxy;
			containerPortal = B5382E4C1E80DB4E00AAD087 /* Project object */;
			proxyType = 1;
			remoteGlobalIDString = B5382E531E80DB4E00AAD087;
			remoteInfo = ProjectMod2;
		};
		B5382E741E80DB4E00AAD087 /* PBXContainerItemProxy */ = {
			isa = PBXContainerItemProxy;
			containerPortal = B5382E4C1E80DB4E00AAD087 /* Project object */;
			proxyType = 1;
			remoteGlobalIDString = B5382E531E80DB4E00AAD087;
			remoteInfo = ProjectMod2;
		};
/* End PBXContainerItemProxy section */

/* Begin PBXFileReference section */
		B53254A21E85DE7D004E1CCE /* ShoppingCarViewController.swift */ = {isa = PBXFileReference; fileEncoding = 4; lastKnownFileType = sourcecode.swift; path = ShoppingCarViewController.swift; sourceTree = "<group>"; };
		B5382E541E80DB4E00AAD087 /* ProjectMod2.app */ = {isa = PBXFileReference; explicitFileType = wrapper.application; includeInIndex = 0; path = ProjectMod2.app; sourceTree = BUILT_PRODUCTS_DIR; };
		B5382E571E80DB4E00AAD087 /* AppDelegate.swift */ = {isa = PBXFileReference; lastKnownFileType = sourcecode.swift; path = AppDelegate.swift; sourceTree = "<group>"; };
		B5382E5C1E80DB4E00AAD087 /* Base */ = {isa = PBXFileReference; lastKnownFileType = file.storyboard; name = Base; path = Base.lproj/Main.storyboard; sourceTree = "<group>"; };
		B5382E5E1E80DB4E00AAD087 /* Assets.xcassets */ = {isa = PBXFileReference; lastKnownFileType = folder.assetcatalog; path = Assets.xcassets; sourceTree = "<group>"; };
		B5382E611E80DB4E00AAD087 /* Base */ = {isa = PBXFileReference; lastKnownFileType = file.storyboard; name = Base; path = Base.lproj/LaunchScreen.storyboard; sourceTree = "<group>"; };
		B5382E631E80DB4E00AAD087 /* Info.plist */ = {isa = PBXFileReference; lastKnownFileType = text.plist.xml; path = Info.plist; sourceTree = "<group>"; };
		B5382E681E80DB4E00AAD087 /* ProjectMod2Tests.xctest */ = {isa = PBXFileReference; explicitFileType = wrapper.cfbundle; includeInIndex = 0; path = ProjectMod2Tests.xctest; sourceTree = BUILT_PRODUCTS_DIR; };
		B5382E6C1E80DB4E00AAD087 /* ProjectMod2Tests.swift */ = {isa = PBXFileReference; lastKnownFileType = sourcecode.swift; path = ProjectMod2Tests.swift; sourceTree = "<group>"; };
		B5382E6E1E80DB4E00AAD087 /* Info.plist */ = {isa = PBXFileReference; lastKnownFileType = text.plist.xml; path = Info.plist; sourceTree = "<group>"; };
		B5382E731E80DB4E00AAD087 /* ProjectMod2UITests.xctest */ = {isa = PBXFileReference; explicitFileType = wrapper.cfbundle; includeInIndex = 0; path = ProjectMod2UITests.xctest; sourceTree = BUILT_PRODUCTS_DIR; };
		B5382E771E80DB4E00AAD087 /* ProjectMod2UITests.swift */ = {isa = PBXFileReference; lastKnownFileType = sourcecode.swift; path = ProjectMod2UITests.swift; sourceTree = "<group>"; };
		B5382E791E80DB4E00AAD087 /* Info.plist */ = {isa = PBXFileReference; lastKnownFileType = text.plist.xml; path = Info.plist; sourceTree = "<group>"; };
		B5382E871E80DE5B00AAD087 /* ProductCollectionViewController.swift */ = {isa = PBXFileReference; fileEncoding = 4; lastKnownFileType = sourcecode.swift; path = ProductCollectionViewController.swift; sourceTree = "<group>"; };
		B5382E891E80E70B00AAD087 /* Product.swift */ = {isa = PBXFileReference; fileEncoding = 4; lastKnownFileType = sourcecode.swift; path = Product.swift; sourceTree = "<group>"; };
		B5382E8D1E80F0ED00AAD087 /* ProductCollectionViewCell.swift */ = {isa = PBXFileReference; fileEncoding = 4; lastKnownFileType = sourcecode.swift; path = ProductCollectionViewCell.swift; sourceTree = "<group>"; };
		B5905A031E87381A00EB653B /* ShoppingCarViewCellTableViewCell.swift */ = {isa = PBXFileReference; fileEncoding = 4; lastKnownFileType = sourcecode.swift; path = ShoppingCarViewCellTableViewCell.swift; sourceTree = "<group>"; };
		FB7959D61E820D66001B3BE4 /* ProductDetailViewController.swift */ = {isa = PBXFileReference; fileEncoding = 4; lastKnownFileType = sourcecode.swift; path = ProductDetailViewController.swift; sourceTree = "<group>"; };
/* End PBXFileReference section */

/* Begin PBXFrameworksBuildPhase section */
		B5382E511E80DB4E00AAD087 /* Frameworks */ = {
			isa = PBXFrameworksBuildPhase;
			buildActionMask = 2147483647;
			files = (
			);
			runOnlyForDeploymentPostprocessing = 0;
		};
		B5382E651E80DB4E00AAD087 /* Frameworks */ = {
			isa = PBXFrameworksBuildPhase;
			buildActionMask = 2147483647;
			files = (
			);
			runOnlyForDeploymentPostprocessing = 0;
		};
		B5382E701E80DB4E00AAD087 /* Frameworks */ = {
			isa = PBXFrameworksBuildPhase;
			buildActionMask = 2147483647;
			files = (
			);
			runOnlyForDeploymentPostprocessing = 0;
		};
/* End PBXFrameworksBuildPhase section */

/* Begin PBXGroup section */
		B5382E4B1E80DB4E00AAD087 = {
			isa = PBXGroup;
			children = (
				B5382E561E80DB4E00AAD087 /* ProjectMod2 */,
				B5382E6B1E80DB4E00AAD087 /* ProjectMod2Tests */,
				B5382E761E80DB4E00AAD087 /* ProjectMod2UITests */,
				B5382E551E80DB4E00AAD087 /* Products */,
			);
			sourceTree = "<group>";
		};
		B5382E551E80DB4E00AAD087 /* Products */ = {
			isa = PBXGroup;
			children = (
				B5382E541E80DB4E00AAD087 /* ProjectMod2.app */,
				B5382E681E80DB4E00AAD087 /* ProjectMod2Tests.xctest */,
				B5382E731E80DB4E00AAD087 /* ProjectMod2UITests.xctest */,
			);
			name = Products;
			sourceTree = "<group>";
		};
		B5382E561E80DB4E00AAD087 /* ProjectMod2 */ = {
			isa = PBXGroup;
			children = (
				B5382E8C1E80F0C100AAD087 /* adapter */,
				B5382E861E80DDF600AAD087 /* model */,
				B5382E851E80DDE700AAD087 /* view */,
				B5382E571E80DB4E00AAD087 /* AppDelegate.swift */,
				B5382E5B1E80DB4E00AAD087 /* Main.storyboard */,
				B5382E5E1E80DB4E00AAD087 /* Assets.xcassets */,
				B5382E601E80DB4E00AAD087 /* LaunchScreen.storyboard */,
				B5382E631E80DB4E00AAD087 /* Info.plist */,
			);
			path = ProjectMod2;
			sourceTree = "<group>";
		};
		B5382E6B1E80DB4E00AAD087 /* ProjectMod2Tests */ = {
			isa = PBXGroup;
			children = (
				B5382E6C1E80DB4E00AAD087 /* ProjectMod2Tests.swift */,
				B5382E6E1E80DB4E00AAD087 /* Info.plist */,
			);
			path = ProjectMod2Tests;
			sourceTree = "<group>";
		};
		B5382E761E80DB4E00AAD087 /* ProjectMod2UITests */ = {
			isa = PBXGroup;
			children = (
				B5382E771E80DB4E00AAD087 /* ProjectMod2UITests.swift */,
				B5382E791E80DB4E00AAD087 /* Info.plist */,
			);
			path = ProjectMod2UITests;
			sourceTree = "<group>";
		};
		B5382E851E80DDE700AAD087 /* view */ = {
			isa = PBXGroup;
			children = (
				B5382E871E80DE5B00AAD087 /* ProductCollectionViewController.swift */,
				FB7959D61E820D66001B3BE4 /* ProductDetailViewController.swift */,
				B53254A21E85DE7D004E1CCE /* ShoppingCarViewController.swift */,
			);
			name = view;
			sourceTree = "<group>";
		};
		B5382E861E80DDF600AAD087 /* model */ = {
			isa = PBXGroup;
			children = (
				B5382E891E80E70B00AAD087 /* Product.swift */,
			);
			name = model;
			sourceTree = "<group>";
		};
		B5382E8C1E80F0C100AAD087 /* adapter */ = {
			isa = PBXGroup;
			children = (
				B5382E8D1E80F0ED00AAD087 /* ProductCollectionViewCell.swift */,
				B5905A031E87381A00EB653B /* ShoppingCarViewCellTableViewCell.swift */,
			);
			name = adapter;
			sourceTree = "<group>";
		};
/* End PBXGroup section */

/* Begin PBXNativeTarget section */
		B5382E531E80DB4E00AAD087 /* ProjectMod2 */ = {
			isa = PBXNativeTarget;
			buildConfigurationList = B5382E7C1E80DB4E00AAD087 /* Build configuration list for PBXNativeTarget "ProjectMod2" */;
			buildPhases = (
				B5382E501E80DB4E00AAD087 /* Sources */,
				B5382E511E80DB4E00AAD087 /* Frameworks */,
				B5382E521E80DB4E00AAD087 /* Resources */,
			);
			buildRules = (
			);
			dependencies = (
			);
			name = ProjectMod2;
			productName = ProjectMod2;
			productReference = B5382E541E80DB4E00AAD087 /* ProjectMod2.app */;
			productType = "com.apple.product-type.application";
		};
		B5382E671E80DB4E00AAD087 /* ProjectMod2Tests */ = {
			isa = PBXNativeTarget;
			buildConfigurationList = B5382E7F1E80DB4E00AAD087 /* Build configuration list for PBXNativeTarget "ProjectMod2Tests" */;
			buildPhases = (
				B5382E641E80DB4E00AAD087 /* Sources */,
				B5382E651E80DB4E00AAD087 /* Frameworks */,
				B5382E661E80DB4E00AAD087 /* Resources */,
			);
			buildRules = (
			);
			dependencies = (
				B5382E6A1E80DB4E00AAD087 /* PBXTargetDependency */,
			);
			name = ProjectMod2Tests;
			productName = ProjectMod2Tests;
			productReference = B5382E681E80DB4E00AAD087 /* ProjectMod2Tests.xctest */;
			productType = "com.apple.product-type.bundle.unit-test";
		};
		B5382E721E80DB4E00AAD087 /* ProjectMod2UITests */ = {
			isa = PBXNativeTarget;
			buildConfigurationList = B5382E821E80DB4E00AAD087 /* Build configuration list for PBXNativeTarget "ProjectMod2UITests" */;
			buildPhases = (
				B5382E6F1E80DB4E00AAD087 /* Sources */,
				B5382E701E80DB4E00AAD087 /* Frameworks */,
				B5382E711E80DB4E00AAD087 /* Resources */,
			);
			buildRules = (
			);
			dependencies = (
				B5382E751E80DB4E00AAD087 /* PBXTargetDependency */,
			);
			name = ProjectMod2UITests;
			productName = ProjectMod2UITests;
			productReference = B5382E731E80DB4E00AAD087 /* ProjectMod2UITests.xctest */;
			productType = "com.apple.product-type.bundle.ui-testing";
		};
/* End PBXNativeTarget section */

/* Begin PBXProject section */
		B5382E4C1E80DB4E00AAD087 /* Project object */ = {
			isa = PBXProject;
			attributes = {
				LastSwiftUpdateCheck = 0820;
				LastUpgradeCheck = 0820;
				ORGANIZATIONNAME = "Virtualink inc";
				TargetAttributes = {
					B5382E531E80DB4E00AAD087 = {
						CreatedOnToolsVersion = 8.2.1;
						DevelopmentTeam = Y4G2QFLKB7;
						ProvisioningStyle = Automatic;
					};
					B5382E671E80DB4E00AAD087 = {
						CreatedOnToolsVersion = 8.2.1;
						DevelopmentTeam = Y4G2QFLKB7;
						ProvisioningStyle = Automatic;
						TestTargetID = B5382E531E80DB4E00AAD087;
					};
					B5382E721E80DB4E00AAD087 = {
						CreatedOnToolsVersion = 8.2.1;
						DevelopmentTeam = Y4G2QFLKB7;
						ProvisioningStyle = Automatic;
						TestTargetID = B5382E531E80DB4E00AAD087;
					};
				};
			};
			buildConfigurationList = B5382E4F1E80DB4E00AAD087 /* Build configuration list for PBXProject "ProjectMod2" */;
			compatibilityVersion = "Xcode 3.2";
			developmentRegion = English;
			hasScannedForEncodings = 0;
			knownRegions = (
				en,
				Base,
			);
			mainGroup = B5382E4B1E80DB4E00AAD087;
			productRefGroup = B5382E551E80DB4E00AAD087 /* Products */;
			projectDirPath = "";
			projectRoot = "";
			targets = (
				B5382E531E80DB4E00AAD087 /* ProjectMod2 */,
				B5382E671E80DB4E00AAD087 /* ProjectMod2Tests */,
				B5382E721E80DB4E00AAD087 /* ProjectMod2UITests */,
			);
		};
/* End PBXProject section */

/* Begin PBXResourcesBuildPhase section */
		B5382E521E80DB4E00AAD087 /* Resources */ = {
			isa = PBXResourcesBuildPhase;
			buildActionMask = 2147483647;
			files = (
				B5382E621E80DB4E00AAD087 /* LaunchScreen.storyboard in Resources */,
				B5382E5F1E80DB4E00AAD087 /* Assets.xcassets in Resources */,
				B5382E5D1E80DB4E00AAD087 /* Main.storyboard in Resources */,
			);
			runOnlyForDeploymentPostprocessing = 0;
		};
		B5382E661E80DB4E00AAD087 /* Resources */ = {
			isa = PBXResourcesBuildPhase;
			buildActionMask = 2147483647;
			files = (
			);
			runOnlyForDeploymentPostprocessing = 0;
		};
		B5382E711E80DB4E00AAD087 /* Resources */ = {
			isa = PBXResourcesBuildPhase;
			buildActionMask = 2147483647;
			files = (
			);
			runOnlyForDeploymentPostprocessing = 0;
		};
/* End PBXResourcesBuildPhase section */

/* Begin PBXSourcesBuildPhase section */
		B5382E501E80DB4E00AAD087 /* Sources */ = {
			isa = PBXSourcesBuildPhase;
			buildActionMask = 2147483647;
			files = (
				B5382E881E80DE5B00AAD087 /* ProductCollectionViewController.swift in Sources */,
				B53254A31E85DE7D004E1CCE /* ShoppingCarViewController.swift in Sources */,
				B5905A041E87381A00EB653B /* ShoppingCarViewCellTableViewCell.swift in Sources */,
				B5382E581E80DB4E00AAD087 /* AppDelegate.swift in Sources */,
				FB7959D71E820D66001B3BE4 /* ProductDetailViewController.swift in Sources */,
				B5382E8E1E80F0ED00AAD087 /* ProductCollectionViewCell.swift in Sources */,
				B5382E8A1E80E70B00AAD087 /* Product.swift in Sources */,
			);
			runOnlyForDeploymentPostprocessing = 0;
		};
		B5382E641E80DB4E00AAD087 /* Sources */ = {
			isa = PBXSourcesBuildPhase;
			buildActionMask = 2147483647;
			files = (
				B5382E6D1E80DB4E00AAD087 /* ProjectMod2Tests.swift in Sources */,
			);
			runOnlyForDeploymentPostprocessing = 0;
		};
		B5382E6F1E80DB4E00AAD087 /* Sources */ = {
			isa = PBXSourcesBuildPhase;
			buildActionMask = 2147483647;
			files = (
				B5382E781E80DB4E00AAD087 /* ProjectMod2UITests.swift in Sources */,
			);
			runOnlyForDeploymentPostprocessing = 0;
		};
/* End PBXSourcesBuildPhase section */

/* Begin PBXTargetDependency section */
		B5382E6A1E80DB4E00AAD087 /* PBXTargetDependency */ = {
			isa = PBXTargetDependency;
			target = B5382E531E80DB4E00AAD087 /* ProjectMod2 */;
			targetProxy = B5382E691E80DB4E00AAD087 /* PBXContainerItemProxy */;
		};
		B5382E751E80DB4E00AAD087 /* PBXTargetDependency */ = {
			isa = PBXTargetDependency;
			target = B5382E531E80DB4E00AAD087 /* ProjectMod2 */;
			targetProxy = B5382E741E80DB4E00AAD087 /* PBXContainerItemProxy */;
		};
/* End PBXTargetDependency section */

/* Begin PBXVariantGroup section */
		B5382E5B1E80DB4E00AAD087 /* Main.storyboard */ = {
			isa = PBXVariantGroup;
			children = (
				B5382E5C1E80DB4E00AAD087 /* Base */,
			);
			name = Main.storyboard;
			sourceTree = "<group>";
		};
		B5382E601E80DB4E00AAD087 /* LaunchScreen.storyboard */ = {
			isa = PBXVariantGroup;
			children = (
				B5382E611E80DB4E00AAD087 /* Base */,
			);
			name = LaunchScreen.storyboard;
			sourceTree = "<group>";
		};
/* End PBXVariantGroup section */

/* Begin XCBuildConfiguration section */
		B5382E7A1E80DB4E00AAD087 /* Debug */ = {
			isa = XCBuildConfiguration;
			buildSettings = {
				ALWAYS_SEARCH_USER_PATHS = NO;
				CLANG_ANALYZER_NONNULL = YES;
				CLANG_CXX_LANGUAGE_STANDARD = "gnu++0x";
				CLANG_CXX_LIBRARY = "libc++";
				CLANG_ENABLE_MODULES = YES;
				CLANG_ENABLE_OBJC_ARC = YES;
				CLANG_WARN_BOOL_CONVERSION = YES;
				CLANG_WARN_CONSTANT_CONVERSION = YES;
				CLANG_WARN_DIRECT_OBJC_ISA_USAGE = YES_ERROR;
				CLANG_WARN_DOCUMENTATION_COMMENTS = YES;
				CLANG_WARN_EMPTY_BODY = YES;
				CLANG_WARN_ENUM_CONVERSION = YES;
				CLANG_WARN_INFINITE_RECURSION = YES;
				CLANG_WARN_INT_CONVERSION = YES;
				CLANG_WARN_OBJC_ROOT_CLASS = YES_ERROR;
				CLANG_WARN_SUSPICIOUS_MOVE = YES;
				CLANG_WARN_UNREACHABLE_CODE = YES;
				CLANG_WARN__DUPLICATE_METHOD_MATCH = YES;
				"CODE_SIGN_IDENTITY[sdk=iphoneos*]" = "iPhone Developer";
				COPY_PHASE_STRIP = NO;
				DEBUG_INFORMATION_FORMAT = dwarf;
				ENABLE_STRICT_OBJC_MSGSEND = YES;
				ENABLE_TESTABILITY = YES;
				GCC_C_LANGUAGE_STANDARD = gnu99;
				GCC_DYNAMIC_NO_PIC = NO;
				GCC_NO_COMMON_BLOCKS = YES;
				GCC_OPTIMIZATION_LEVEL = 0;
				GCC_PREPROCESSOR_DEFINITIONS = (
					"DEBUG=1",
					"$(inherited)",
				);
				GCC_WARN_64_TO_32_BIT_CONVERSION = YES;
				GCC_WARN_ABOUT_RETURN_TYPE = YES_ERROR;
				GCC_WARN_UNDECLARED_SELECTOR = YES;
				GCC_WARN_UNINITIALIZED_AUTOS = YES_AGGRESSIVE;
				GCC_WARN_UNUSED_FUNCTION = YES;
				GCC_WARN_UNUSED_VARIABLE = YES;
				IPHONEOS_DEPLOYMENT_TARGET = 10.2;
				MTL_ENABLE_DEBUG_INFO = YES;
				ONLY_ACTIVE_ARCH = YES;
				SDKROOT = iphoneos;
				SWIFT_ACTIVE_COMPILATION_CONDITIONS = DEBUG;
				SWIFT_OPTIMIZATION_LEVEL = "-Onone";
				TARGETED_DEVICE_FAMILY = "1,2";
			};
			name = Debug;
		};
		B5382E7B1E80DB4E00AAD087 /* Release */ = {
			isa = XCBuildConfiguration;
			buildSettings = {
				ALWAYS_SEARCH_USER_PATHS = NO;
				CLANG_ANALYZER_NONNULL = YES;
				CLANG_CXX_LANGUAGE_STANDARD = "gnu++0x";
				CLANG_CXX_LIBRARY = "libc++";
				CLANG_ENABLE_MODULES = YES;
				CLANG_ENABLE_OBJC_ARC = YES;
				CLANG_WARN_BOOL_CONVERSION = YES;
				CLANG_WARN_CONSTANT_CONVERSION = YES;
				CLANG_WARN_DIRECT_OBJC_ISA_USAGE = YES_ERROR;
				CLANG_WARN_DOCUMENTATION_COMMENTS = YES;
				CLANG_WARN_EMPTY_BODY = YES;
				CLANG_WARN_ENUM_CONVERSION = YES;
				CLANG_WARN_INFINITE_RECURSION = YES;
				CLANG_WARN_INT_CONVERSION = YES;
				CLANG_WARN_OBJC_ROOT_CLASS = YES_ERROR;
				CLANG_WARN_SUSPICIOUS_MOVE = YES;
				CLANG_WARN_UNREACHABLE_CODE = YES;
				CLANG_WARN__DUPLICATE_METHOD_MATCH = YES;
				"CODE_SIGN_IDENTITY[sdk=iphoneos*]" = "iPhone Developer";
				COPY_PHASE_STRIP = NO;
				DEBUG_INFORMATION_FORMAT = "dwarf-with-dsym";
				ENABLE_NS_ASSERTIONS = NO;
				ENABLE_STRICT_OBJC_MSGSEND = YES;
				GCC_C_LANGUAGE_STANDARD = gnu99;
				GCC_NO_COMMON_BLOCKS = YES;
				GCC_WARN_64_TO_32_BIT_CONVERSION = YES;
				GCC_WARN_ABOUT_RETURN_TYPE = YES_ERROR;
				GCC_WARN_UNDECLARED_SELECTOR = YES;
				GCC_WARN_UNINITIALIZED_AUTOS = YES_AGGRESSIVE;
				GCC_WARN_UNUSED_FUNCTION = YES;
				GCC_WARN_UNUSED_VARIABLE = YES;
				IPHONEOS_DEPLOYMENT_TARGET = 10.2;
				MTL_ENABLE_DEBUG_INFO = NO;
				SDKROOT = iphoneos;
				SWIFT_OPTIMIZATION_LEVEL = "-Owholemodule";
				TARGETED_DEVICE_FAMILY = "1,2";
				VALIDATE_PRODUCT = YES;
			};
			name = Release;
		};
		B5382E7D1E80DB4E00AAD087 /* Debug */ = {
			isa = XCBuildConfiguration;
			buildSettings = {
				ASSETCATALOG_COMPILER_APPICON_NAME = AppIcon;
				"CODE_SIGN_IDENTITY[sdk=iphoneos*]" = "iPhone Developer";
				DEVELOPMENT_TEAM = Y4G2QFLKB7;
				INFOPLIST_FILE = ProjectMod2/Info.plist;
				IPHONEOS_DEPLOYMENT_TARGET = 10.0;
				LD_RUNPATH_SEARCH_PATHS = "$(inherited) @executable_path/Frameworks";
				PRODUCT_BUNDLE_IDENTIFIER = virtualink.pe.ProjectMod2;
				PRODUCT_NAME = "$(TARGET_NAME)";
				SWIFT_VERSION = 3.0;
			};
			name = Debug;
		};
		B5382E7E1E80DB4E00AAD087 /* Release */ = {
			isa = XCBuildConfiguration;
			buildSettings = {
				ASSETCATALOG_COMPILER_APPICON_NAME = AppIcon;
				"CODE_SIGN_IDENTITY[sdk=iphoneos*]" = "iPhone Developer";
				DEVELOPMENT_TEAM = Y4G2QFLKB7;
				INFOPLIST_FILE = ProjectMod2/Info.plist;
				IPHONEOS_DEPLOYMENT_TARGET = 10.0;
				LD_RUNPATH_SEARCH_PATHS = "$(inherited) @executable_path/Frameworks";
				PRODUCT_BUNDLE_IDENTIFIER = virtualink.pe.ProjectMod2;
				PRODUCT_NAME = "$(TARGET_NAME)";
				SWIFT_VERSION = 3.0;
			};
			name = Release;
		};
		B5382E801E80DB4E00AAD087 /* Debug */ = {
			isa = XCBuildConfiguration;
			buildSettings = {
				ALWAYS_EMBED_SWIFT_STANDARD_LIBRARIES = YES;
				BUNDLE_LOADER = "$(TEST_HOST)";
				DEVELOPMENT_TEAM = Y4G2QFLKB7;
				INFOPLIST_FILE = ProjectMod2Tests/Info.plist;
				LD_RUNPATH_SEARCH_PATHS = "$(inherited) @executable_path/Frameworks @loader_path/Frameworks";
				PRODUCT_BUNDLE_IDENTIFIER = virtualink.pe.ProjectMod2Tests;
				PRODUCT_NAME = "$(TARGET_NAME)";
				SWIFT_VERSION = 3.0;
				TEST_HOST = "$(BUILT_PRODUCTS_DIR)/ProjectMod2.app/ProjectMod2";
			};
			name = Debug;
		};
		B5382E811E80DB4E00AAD087 /* Release */ = {
			isa = XCBuildConfiguration;
			buildSettings = {
				ALWAYS_EMBED_SWIFT_STANDARD_LIBRARIES = YES;
				BUNDLE_LOADER = "$(TEST_HOST)";
				DEVELOPMENT_TEAM = Y4G2QFLKB7;
				INFOPLIST_FILE = ProjectMod2Tests/Info.plist;
				LD_RUNPATH_SEARCH_PATHS = "$(inherited) @executable_path/Frameworks @loader_path/Frameworks";
				PRODUCT_BUNDLE_IDENTIFIER = virtualink.pe.ProjectMod2Tests;
				PRODUCT_NAME = "$(TARGET_NAME)";
				SWIFT_VERSION = 3.0;
				TEST_HOST = "$(BUILT_PRODUCTS_DIR)/ProjectMod2.app/ProjectMod2";
			};
			name = Release;
		};
		B5382E831E80DB4E00AAD087 /* Debug */ = {
			isa = XCBuildConfiguration;
			buildSettings = {
				ALWAYS_EMBED_SWIFT_STANDARD_LIBRARIES = YES;
				DEVELOPMENT_TEAM = Y4G2QFLKB7;
				INFOPLIST_FILE = ProjectMod2UITests/Info.plist;
				LD_RUNPATH_SEARCH_PATHS = "$(inherited) @executable_path/Frameworks @loader_path/Frameworks";
				PRODUCT_BUNDLE_IDENTIFIER = virtualink.pe.ProjectMod2UITests;
				PRODUCT_NAME = "$(TARGET_NAME)";
				SWIFT_VERSION = 3.0;
				TEST_TARGET_NAME = ProjectMod2;
			};
			name = Debug;
		};
		B5382E841E80DB4E00AAD087 /* Release */ = {
			isa = XCBuildConfiguration;
			buildSettings = {
				ALWAYS_EMBED_SWIFT_STANDARD_LIBRARIES = YES;
				DEVELOPMENT_TEAM = Y4G2QFLKB7;
				INFOPLIST_FILE = ProjectMod2UITests/Info.plist;
				LD_RUNPATH_SEARCH_PATHS = "$(inherited) @executable_path/Frameworks @loader_path/Frameworks";
				PRODUCT_BUNDLE_IDENTIFIER = virtualink.pe.ProjectMod2UITests;
				PRODUCT_NAME = "$(TARGET_NAME)";
				SWIFT_VERSION = 3.0;
				TEST_TARGET_NAME = ProjectMod2;
			};
			name = Release;
		};
/* End XCBuildConfiguration section */

/* Begin XCConfigurationList section */
		B5382E4F1E80DB4E00AAD087 /* Build configuration list for PBXProject "ProjectMod2" */ = {
			isa = XCConfigurationList;
			buildConfigurations = (
				B5382E7A1E80DB4E00AAD087 /* Debug */,
				B5382E7B1E80DB4E00AAD087 /* Release */,
			);
			defaultConfigurationIsVisible = 0;
			defaultConfigurationName = Release;
		};
		B5382E7C1E80DB4E00AAD087 /* Build configuration list for PBXNativeTarget "ProjectMod2" */ = {
			isa = XCConfigurationList;
			buildConfigurations = (
				B5382E7D1E80DB4E00AAD087 /* Debug */,
				B5382E7E1E80DB4E00AAD087 /* Release */,
			);
			defaultConfigurationIsVisible = 0;
			defaultConfigurationName = Release;
		};
		B5382E7F1E80DB4E00AAD087 /* Build configuration list for PBXNativeTarget "ProjectMod2Tests" */ = {
			isa = XCConfigurationList;
			buildConfigurations = (
				B5382E801E80DB4E00AAD087 /* Debug */,
				B5382E811E80DB4E00AAD087 /* Release */,
			);
			defaultConfigurationIsVisible = 0;
			defaultConfigurationName = Release;
		};
		B5382E821E80DB4E00AAD087 /* Build configuration list for PBXNativeTarget "ProjectMod2UITests" */ = {
			isa = XCConfigurationList;
			buildConfigurations = (
				B5382E831E80DB4E00AAD087 /* Debug */,
				B5382E841E80DB4E00AAD087 /* Release */,
			);
			defaultConfigurationIsVisible = 0;
			defaultConfigurationName = Release;
		};
/* End XCConfigurationList section */
	};
	rootObject = B5382E4C1E80DB4E00AAD087 /* Project object */;
}
